
Microsoft Visual Studio Solution File, Format Version 12.00
# Visual Studio Version 16
VisualStudioVersion = 16.0.31321.278
MinimumVisualStudioVersion = 10.0.40219.1
Project("{FAE04EC0-301F-11D3-BF4B-00C04F79EFBC}") = "Property", "Property\Property.csproj", "{55599280-9F78-45A7-91AA-F99086C0CEA8}"
EndProject
Global
	GlobalSection(SolutionConfigurationPlatforms) = preSolution
		Debug|Any CPU = Debug|Any CPU
		Release|Any CPU = Release|Any CPU
	EndGlobalSection
	GlobalSection(ProjectConfigurationPlatforms) = postSolution
		{55599280-9F78-45A7-91AA-F99086C0CEA8}.Debug|Any CPU.ActiveCfg = Debug|Any CPU
		{55599280-9F78-45A7-91AA-F99086C0CEA8}.Debug|Any CPU.Build.0 = Debug|Any CPU
		{55599280-9F78-45A7-91AA-F99086C0CEA8}.Release|Any CPU.ActiveCfg = Release|Any CPU
		{55599280-9F78-45A7-91AA-F99086C0CEA8}.Release|Any CPU.Build.0 = Release|Any CPU
	EndGlobalSection
	GlobalSection(SolutionProperties) = preSolution
		HideSolutionNode = FALSE
	EndGlobalSection
	GlobalSection(ExtensibilityGlobals) = postSolution
		SolutionGuid = {7397E885-555F-41A1-83F6-4B134366A3BB}
	EndGlobalSection
EndGlobal
