
Microsoft Visual Studio Solution File, Format Version 12.00
# Visual Studio Version 16
VisualStudioVersion = 16.0.31321.278
MinimumVisualStudioVersion = 10.0.40219.1
Project("{FAE04EC0-301F-11D3-BF4B-00C04F79EFBC}") = "Testris", "Testris.csproj", "{71B9A4B4-24CD-484A-B96D-DD170B91CF1D}"
EndProject
Global
	GlobalSection(SolutionConfigurationPlatforms) = preSolution
		Debug|Any CPU = Debug|Any CPU
		Release|Any CPU = Release|Any CPU
	EndGlobalSection
	GlobalSection(ProjectConfigurationPlatforms) = postSolution
		{71B9A4B4-24CD-484A-B96D-DD170B91CF1D}.Debug|Any CPU.ActiveCfg = Debug|Any CPU
		{71B9A4B4-24CD-484A-B96D-DD170B91CF1D}.Debug|Any CPU.Build.0 = Debug|Any CPU
		{71B9A4B4-24CD-484A-B96D-DD170B91CF1D}.Release|Any CPU.ActiveCfg = Release|Any CPU
		{71B9A4B4-24CD-484A-B96D-DD170B91CF1D}.Release|Any CPU.Build.0 = Release|Any CPU
	EndGlobalSection
	GlobalSection(SolutionProperties) = preSolution
		HideSolutionNode = FALSE
	EndGlobalSection
	GlobalSection(ExtensibilityGlobals) = postSolution
		SolutionGuid = {4D2D6CAA-CE35-4F1A-8C16-9A66F2A6A575}
	EndGlobalSection
EndGlobal
